// !$*UTF8*$!
{
	archiveVersion = 1;
	classes = {
	};
	objectVersion = 46;
	objects = {

/* Begin PBXBuildFile section */
		E80448101CCE4ECD00447204 /* HTTPParser.framework in Frameworks */ = {isa = PBXBuildFile; fileRef = E80448051CCE4ECD00447204 /* HTTPParser.framework */; };
		E80448201CCE4F4F00447204 /* HTTPParserTests.swift in Sources */ = {isa = PBXBuildFile; fileRef = E804481F1CCE4F4F00447204 /* HTTPParserTests.swift */; };
		E80448271CCE4F6500447204 /* HTTPError.swift in Sources */ = {isa = PBXBuildFile; fileRef = E80448211CCE4F6500447204 /* HTTPError.swift */; };
		E80448281CCE4F6500447204 /* HTTPMethod.swift in Sources */ = {isa = PBXBuildFile; fileRef = E80448221CCE4F6500447204 /* HTTPMethod.swift */; };
		E80448291CCE4F6500447204 /* HTTPParser.swift in Sources */ = {isa = PBXBuildFile; fileRef = E80448231CCE4F6500447204 /* HTTPParser.swift */; };
		E804482A1CCE4F6500447204 /* HTTPParserURL.swift in Sources */ = {isa = PBXBuildFile; fileRef = E80448241CCE4F6500447204 /* HTTPParserURL.swift */; };
		E804482B1CCE4F6500447204 /* HTTPParserURLFields.swift in Sources */ = {isa = PBXBuildFile; fileRef = E80448251CCE4F6500447204 /* HTTPParserURLFields.swift */; };
		E804482C1CCE4F6500447204 /* HTTPStatus.swift in Sources */ = {isa = PBXBuildFile; fileRef = E80448261CCE4F6500447204 /* HTTPStatus.swift */; };
		E80448481CCE5D1500447204 /* ascii.swift in Sources */ = {isa = PBXBuildFile; fileRef = E80448471CCE5D1500447204 /* ascii.swift */; };
		E804484A1CCFA28D00447204 /* HTTPParserState.swift in Sources */ = {isa = PBXBuildFile; fileRef = E80448491CCFA28D00447204 /* HTTPParserState.swift */; };
		E837E5231CD00B8C00794356 /* CString.swift in Sources */ = {isa = PBXBuildFile; fileRef = E837E5221CD00B8C00794356 /* CString.swift */; };
		E8921F891CCEA2B400E8611B /* URLParser.swift in Sources */ = {isa = PBXBuildFile; fileRef = E8921F881CCEA2B400E8611B /* URLParser.swift */; };
/* End PBXBuildFile section */

/* Begin PBXContainerItemProxy section */
		E80448111CCE4ECD00447204 /* PBXContainerItemProxy */ = {
			isa = PBXContainerItemProxy;
			containerPortal = E80447FC1CCE4ECD00447204 /* Project object */;
			proxyType = 1;
			remoteGlobalIDString = E80448041CCE4ECD00447204;
			remoteInfo = HTTPParser;
		};
/* End PBXContainerItemProxy section */

/* Begin PBXFileReference section */
		E80448051CCE4ECD00447204 /* HTTPParser.framework */ = {isa = PBXFileReference; explicitFileType = wrapper.framework; includeInIndex = 0; path = HTTPParser.framework; sourceTree = BUILT_PRODUCTS_DIR; };
		E804480A1CCE4ECD00447204 /* Info.plist */ = {isa = PBXFileReference; lastKnownFileType = text.plist.xml; path = Info.plist; sourceTree = "<group>"; };
		E804480F1CCE4ECD00447204 /* HTTPParserTests.xctest */ = {isa = PBXFileReference; explicitFileType = wrapper.cfbundle; includeInIndex = 0; path = HTTPParserTests.xctest; sourceTree = BUILT_PRODUCTS_DIR; };
		E80448161CCE4ECD00447204 /* Info.plist */ = {isa = PBXFileReference; lastKnownFileType = text.plist.xml; path = Info.plist; sourceTree = "<group>"; };
		E804481F1CCE4F4F00447204 /* HTTPParserTests.swift */ = {isa = PBXFileReference; fileEncoding = 4; lastKnownFileType = sourcecode.swift; name = HTTPParserTests.swift; path = Tests/HTTPParserTests.swift; sourceTree = SOURCE_ROOT; };
		E80448211CCE4F6500447204 /* HTTPError.swift */ = {isa = PBXFileReference; fileEncoding = 4; lastKnownFileType = sourcecode.swift; name = HTTPError.swift; path = Sources/HTTPParser/HTTPError.swift; sourceTree = SOURCE_ROOT; };
		E80448221CCE4F6500447204 /* HTTPMethod.swift */ = {isa = PBXFileReference; fileEncoding = 4; lastKnownFileType = sourcecode.swift; name = HTTPMethod.swift; path = Sources/HTTPParser/HTTPMethod.swift; sourceTree = SOURCE_ROOT; };
		E80448231CCE4F6500447204 /* HTTPParser.swift */ = {isa = PBXFileReference; fileEncoding = 4; lastKnownFileType = sourcecode.swift; name = HTTPParser.swift; path = Sources/HTTPParser/HTTPParser.swift; sourceTree = SOURCE_ROOT; };
		E80448241CCE4F6500447204 /* HTTPParserURL.swift */ = {isa = PBXFileReference; fileEncoding = 4; lastKnownFileType = sourcecode.swift; name = HTTPParserURL.swift; path = Sources/HTTPParser/HTTPParserURL.swift; sourceTree = SOURCE_ROOT; };
		E80448251CCE4F6500447204 /* HTTPParserURLFields.swift */ = {isa = PBXFileReference; fileEncoding = 4; lastKnownFileType = sourcecode.swift; name = HTTPParserURLFields.swift; path = Sources/HTTPParser/HTTPParserURLFields.swift; sourceTree = SOURCE_ROOT; };
		E80448261CCE4F6500447204 /* HTTPStatus.swift */ = {isa = PBXFileReference; fileEncoding = 4; lastKnownFileType = sourcecode.swift; name = HTTPStatus.swift; path = Sources/HTTPParser/HTTPStatus.swift; sourceTree = SOURCE_ROOT; };
		E804482E1CCE4F7800447204 /* AppKitBase.xcconfig */ = {isa = PBXFileReference; lastKnownFileType = text.xcconfig; path = AppKitBase.xcconfig; sourceTree = "<group>"; };
		E804482F1CCE4F7800447204 /* AppKitDebug.xcconfig */ = {isa = PBXFileReference; lastKnownFileType = text.xcconfig; path = AppKitDebug.xcconfig; sourceTree = "<group>"; };
		E80448301CCE4F7800447204 /* AppKitRelease.xcconfig */ = {isa = PBXFileReference; lastKnownFileType = text.xcconfig; path = AppKitRelease.xcconfig; sourceTree = "<group>"; };
		E80448311CCE4F7800447204 /* Base.xcconfig */ = {isa = PBXFileReference; lastKnownFileType = text.xcconfig; path = Base.xcconfig; sourceTree = "<group>"; };
		E80448321CCE4F7800447204 /* Debug.xcconfig */ = {isa = PBXFileReference; lastKnownFileType = text.xcconfig; path = Debug.xcconfig; sourceTree = "<group>"; };
		E80448331CCE4F7800447204 /* Release.xcconfig */ = {isa = PBXFileReference; lastKnownFileType = text.xcconfig; path = Release.xcconfig; sourceTree = "<group>"; };
		E80448341CCE4F7800447204 /* SwiftModuleFW.xcconfig */ = {isa = PBXFileReference; lastKnownFileType = text.xcconfig; path = SwiftModuleFW.xcconfig; sourceTree = "<group>"; };
		E80448351CCE4F7800447204 /* UIKitBase.xcconfig */ = {isa = PBXFileReference; lastKnownFileType = text.xcconfig; path = UIKitBase.xcconfig; sourceTree = "<group>"; };
		E80448361CCE4F7800447204 /* UIKitDebug.xcconfig */ = {isa = PBXFileReference; lastKnownFileType = text.xcconfig; path = UIKitDebug.xcconfig; sourceTree = "<group>"; };
		E80448371CCE4F7800447204 /* UIKitRelease.xcconfig */ = {isa = PBXFileReference; lastKnownFileType = text.xcconfig; path = UIKitRelease.xcconfig; sourceTree = "<group>"; };
		E80448381CCE4F8400447204 /* AUTHORS */ = {isa = PBXFileReference; fileEncoding = 4; lastKnownFileType = text; path = AUTHORS; sourceTree = "<group>"; };
		E804483A1CCE4F8B00447204 /* README.md */ = {isa = PBXFileReference; fileEncoding = 4; lastKnownFileType = net.daringfireball.markdown; path = README.md; sourceTree = "<group>"; };
		E804483C1CCE4F9100447204 /* LICENSE-MIT */ = {isa = PBXFileReference; fileEncoding = 4; lastKnownFileType = text; path = "LICENSE-MIT"; sourceTree = "<group>"; };
		E80448451CCE55A900447204 /* http_parser.c */ = {isa = PBXFileReference; lastKnownFileType = sourcecode.c.c; path = http_parser.c; sourceTree = "<group>"; };
		E80448461CCE55A900447204 /* http_parser.h */ = {isa = PBXFileReference; lastKnownFileType = sourcecode.c.h; path = http_parser.h; sourceTree = "<group>"; };
		E80448471CCE5D1500447204 /* ascii.swift */ = {isa = PBXFileReference; fileEncoding = 4; lastKnownFileType = sourcecode.swift; name = ascii.swift; path = Sources/HTTPParser/ascii.swift; sourceTree = SOURCE_ROOT; };
		E80448491CCFA28D00447204 /* HTTPParserState.swift */ = {isa = PBXFileReference; fileEncoding = 4; lastKnownFileType = sourcecode.swift; name = HTTPParserState.swift; path = Sources/HTTPParser/HTTPParserState.swift; sourceTree = SOURCE_ROOT; };
		E837E5221CD00B8C00794356 /* CString.swift */ = {isa = PBXFileReference; fileEncoding = 4; lastKnownFileType = sourcecode.swift; name = CString.swift; path = Sources/HTTPParser/CString.swift; sourceTree = SOURCE_ROOT; };
		E8921F881CCEA2B400E8611B /* URLParser.swift */ = {isa = PBXFileReference; fileEncoding = 4; lastKnownFileType = sourcecode.swift; name = URLParser.swift; path = Sources/HTTPParser/URLParser.swift; sourceTree = SOURCE_ROOT; };
		E8921F8A1CCEC9C900E8611B /* SwiftNotes.md */ = {isa = PBXFileReference; lastKnownFileType = net.daringfireball.markdown; path = SwiftNotes.md; sourceTree = "<group>"; };
/* End PBXFileReference section */

/* Begin PBXFrameworksBuildPhase section */
		E80448011CCE4ECD00447204 /* Frameworks */ = {
			isa = PBXFrameworksBuildPhase;
			buildActionMask = 2147483647;
			files = (
			);
			runOnlyForDeploymentPostprocessing = 0;
		};
		E804480C1CCE4ECD00447204 /* Frameworks */ = {
			isa = PBXFrameworksBuildPhase;
			buildActionMask = 2147483647;
			files = (
				E80448101CCE4ECD00447204 /* HTTPParser.framework in Frameworks */,
			);
			runOnlyForDeploymentPostprocessing = 0;
		};
/* End PBXFrameworksBuildPhase section */

/* Begin PBXGroup section */
		E80447FB1CCE4ECD00447204 = {
			isa = PBXGroup;
			children = (
				E8921F8A1CCEC9C900E8611B /* SwiftNotes.md */,
				E804483A1CCE4F8B00447204 /* README.md */,
				E80448381CCE4F8400447204 /* AUTHORS */,
				E804483C1CCE4F9100447204 /* LICENSE-MIT */,
				E80448441CCE559600447204 /* Original C Parser */,
				E80448071CCE4ECD00447204 /* HTTPParser */,
				E80448131CCE4ECD00447204 /* HTTPParserTests */,
				E80448061CCE4ECD00447204 /* Products */,
				E804482D1CCE4F7800447204 /* xcconfig */,
			);
			sourceTree = "<group>";
		};
		E80448061CCE4ECD00447204 /* Products */ = {
			isa = PBXGroup;
			children = (
				E80448051CCE4ECD00447204 /* HTTPParser.framework */,
				E804480F1CCE4ECD00447204 /* HTTPParserTests.xctest */,
			);
			name = Products;
			sourceTree = "<group>";
		};
		E80448071CCE4ECD00447204 /* HTTPParser */ = {
			isa = PBXGroup;
			children = (
				E80448231CCE4F6500447204 /* HTTPParser.swift */,
				E80448491CCFA28D00447204 /* HTTPParserState.swift */,
				E80448211CCE4F6500447204 /* HTTPError.swift */,
				E80448221CCE4F6500447204 /* HTTPMethod.swift */,
				E80448241CCE4F6500447204 /* HTTPParserURL.swift */,
				E80448251CCE4F6500447204 /* HTTPParserURLFields.swift */,
				E80448261CCE4F6500447204 /* HTTPStatus.swift */,
				E8921F881CCEA2B400E8611B /* URLParser.swift */,
				E80448471CCE5D1500447204 /* ascii.swift */,
				E837E5221CD00B8C00794356 /* CString.swift */,
				E804480A1CCE4ECD00447204 /* Info.plist */,
			);
			path = HTTPParser;
			sourceTree = "<group>";
		};
		E80448131CCE4ECD00447204 /* HTTPParserTests */ = {
			isa = PBXGroup;
			children = (
				E804481F1CCE4F4F00447204 /* HTTPParserTests.swift */,
				E80448161CCE4ECD00447204 /* Info.plist */,
			);
			path = HTTPParserTests;
			sourceTree = "<group>";
		};
		E804482D1CCE4F7800447204 /* xcconfig */ = {
			isa = PBXGroup;
			children = (
				E804482E1CCE4F7800447204 /* AppKitBase.xcconfig */,
				E804482F1CCE4F7800447204 /* AppKitDebug.xcconfig */,
				E80448301CCE4F7800447204 /* AppKitRelease.xcconfig */,
				E80448311CCE4F7800447204 /* Base.xcconfig */,
				E80448321CCE4F7800447204 /* Debug.xcconfig */,
				E80448331CCE4F7800447204 /* Release.xcconfig */,
				E80448341CCE4F7800447204 /* SwiftModuleFW.xcconfig */,
				E80448351CCE4F7800447204 /* UIKitBase.xcconfig */,
				E80448361CCE4F7800447204 /* UIKitDebug.xcconfig */,
				E80448371CCE4F7800447204 /* UIKitRelease.xcconfig */,
			);
			path = xcconfig;
			sourceTree = "<group>";
		};
		E80448441CCE559600447204 /* Original C Parser */ = {
			isa = PBXGroup;
			children = (
				E80448461CCE55A900447204 /* http_parser.h */,
				E80448451CCE55A900447204 /* http_parser.c */,
			);
			name = "Original C Parser";
			sourceTree = "<group>";
		};
/* End PBXGroup section */

/* Begin PBXHeadersBuildPhase section */
		E80448021CCE4ECD00447204 /* Headers */ = {
			isa = PBXHeadersBuildPhase;
			buildActionMask = 2147483647;
			files = (
			);
			runOnlyForDeploymentPostprocessing = 0;
		};
/* End PBXHeadersBuildPhase section */

/* Begin PBXNativeTarget section */
		E80448041CCE4ECD00447204 /* HTTPParser */ = {
			isa = PBXNativeTarget;
			buildConfigurationList = E80448191CCE4ECD00447204 /* Build configuration list for PBXNativeTarget "HTTPParser" */;
			buildPhases = (
				E80448001CCE4ECD00447204 /* Sources */,
				E80448011CCE4ECD00447204 /* Frameworks */,
				E80448021CCE4ECD00447204 /* Headers */,
				E80448031CCE4ECD00447204 /* Resources */,
			);
			buildRules = (
			);
			dependencies = (
			);
			name = HTTPParser;
			productName = HTTPParser;
			productReference = E80448051CCE4ECD00447204 /* HTTPParser.framework */;
			productType = "com.apple.product-type.framework";
		};
		E804480E1CCE4ECD00447204 /* HTTPParserTests */ = {
			isa = PBXNativeTarget;
			buildConfigurationList = E804481C1CCE4ECD00447204 /* Build configuration list for PBXNativeTarget "HTTPParserTests" */;
			buildPhases = (
				E804480B1CCE4ECD00447204 /* Sources */,
				E804480C1CCE4ECD00447204 /* Frameworks */,
				E804480D1CCE4ECD00447204 /* Resources */,
			);
			buildRules = (
			);
			dependencies = (
				E80448121CCE4ECD00447204 /* PBXTargetDependency */,
			);
			name = HTTPParserTests;
			productName = HTTPParserTests;
			productReference = E804480F1CCE4ECD00447204 /* HTTPParserTests.xctest */;
			productType = "com.apple.product-type.bundle.unit-test";
		};
/* End PBXNativeTarget section */

/* Begin PBXProject section */
		E80447FC1CCE4ECD00447204 /* Project object */ = {
			isa = PBXProject;
			attributes = {
				LastSwiftUpdateCheck = 0730;
				LastUpgradeCheck = 0730;
				ORGANIZATIONNAME = "Always Right Institute";
				TargetAttributes = {
					E80448041CCE4ECD00447204 = {
						CreatedOnToolsVersion = 7.3;
					};
					E804480E1CCE4ECD00447204 = {
						CreatedOnToolsVersion = 7.3;
					};
				};
			};
			buildConfigurationList = E80447FF1CCE4ECD00447204 /* Build configuration list for PBXProject "HTTPParser" */;
			compatibilityVersion = "Xcode 3.2";
			developmentRegion = English;
			hasScannedForEncodings = 0;
			knownRegions = (
				en,
			);
			mainGroup = E80447FB1CCE4ECD00447204;
			productRefGroup = E80448061CCE4ECD00447204 /* Products */;
			projectDirPath = "";
			projectRoot = "";
			targets = (
				E80448041CCE4ECD00447204 /* HTTPParser */,
				E804480E1CCE4ECD00447204 /* HTTPParserTests */,
			);
		};
/* End PBXProject section */

/* Begin PBXResourcesBuildPhase section */
		E80448031CCE4ECD00447204 /* Resources */ = {
			isa = PBXResourcesBuildPhase;
			buildActionMask = 2147483647;
			files = (
			);
			runOnlyForDeploymentPostprocessing = 0;
		};
		E804480D1CCE4ECD00447204 /* Resources */ = {
			isa = PBXResourcesBuildPhase;
			buildActionMask = 2147483647;
			files = (
			);
			runOnlyForDeploymentPostprocessing = 0;
		};
/* End PBXResourcesBuildPhase section */

/* Begin PBXSourcesBuildPhase section */
		E80448001CCE4ECD00447204 /* Sources */ = {
			isa = PBXSourcesBuildPhase;
			buildActionMask = 2147483647;
			files = (
				E804482B1CCE4F6500447204 /* HTTPParserURLFields.swift in Sources */,
				E804484A1CCFA28D00447204 /* HTTPParserState.swift in Sources */,
				E837E5231CD00B8C00794356 /* CString.swift in Sources */,
				E80448281CCE4F6500447204 /* HTTPMethod.swift in Sources */,
				E8921F891CCEA2B400E8611B /* URLParser.swift in Sources */,
				E80448271CCE4F6500447204 /* HTTPError.swift in Sources */,
				E804482A1CCE4F6500447204 /* HTTPParserURL.swift in Sources */,
				E80448291CCE4F6500447204 /* HTTPParser.swift in Sources */,
				E804482C1CCE4F6500447204 /* HTTPStatus.swift in Sources */,
				E80448481CCE5D1500447204 /* ascii.swift in Sources */,
			);
			runOnlyForDeploymentPostprocessing = 0;
		};
		E804480B1CCE4ECD00447204 /* Sources */ = {
			isa = PBXSourcesBuildPhase;
			buildActionMask = 2147483647;
			files = (
				E80448201CCE4F4F00447204 /* HTTPParserTests.swift in Sources */,
			);
			runOnlyForDeploymentPostprocessing = 0;
		};
/* End PBXSourcesBuildPhase section */

/* Begin PBXTargetDependency section */
		E80448121CCE4ECD00447204 /* PBXTargetDependency */ = {
			isa = PBXTargetDependency;
			target = E80448041CCE4ECD00447204 /* HTTPParser */;
			targetProxy = E80448111CCE4ECD00447204 /* PBXContainerItemProxy */;
		};
/* End PBXTargetDependency section */

/* Begin XCBuildConfiguration section */
		E80448171CCE4ECD00447204 /* AppKitDebug */ = {
			isa = XCBuildConfiguration;
			baseConfigurationReference = E804482F1CCE4F7800447204 /* AppKitDebug.xcconfig */;
			buildSettings = {
				CURRENT_PROJECT_VERSION = 1;
			};
			name = AppKitDebug;
		};
		E80448181CCE4ECD00447204 /* AppKitRelease */ = {
			isa = XCBuildConfiguration;
			baseConfigurationReference = E80448301CCE4F7800447204 /* AppKitRelease.xcconfig */;
			buildSettings = {
				CURRENT_PROJECT_VERSION = 1;
			};
			name = AppKitRelease;
		};
		E804481A1CCE4ECD00447204 /* AppKitDebug */ = {
			isa = XCBuildConfiguration;
			baseConfigurationReference = E80448341CCE4F7800447204 /* SwiftModuleFW.xcconfig */;
			buildSettings = {
				DYLIB_COMPATIBILITY_VERSION = 1;
				DYLIB_CURRENT_VERSION = 1;
				FRAMEWORK_VERSION = A;
				INFOPLIST_FILE = HTTPParser/Info.plist;
				PRODUCT_BUNDLE_IDENTIFIER = de.alwaysrightinstitute.HTTPParser;
				PRODUCT_NAME = "$(TARGET_NAME)";
			};
			name = AppKitDebug;
		};
		E804481B1CCE4ECD00447204 /* AppKitRelease */ = {
			isa = XCBuildConfiguration;
			baseConfigurationReference = E80448341CCE4F7800447204 /* SwiftModuleFW.xcconfig */;
			buildSettings = {
				DYLIB_COMPATIBILITY_VERSION = 1;
				DYLIB_CURRENT_VERSION = 1;
				FRAMEWORK_VERSION = A;
				INFOPLIST_FILE = HTTPParser/Info.plist;
				PRODUCT_BUNDLE_IDENTIFIER = de.alwaysrightinstitute.HTTPParser;
				PRODUCT_NAME = "$(TARGET_NAME)";
			};
			name = AppKitRelease;
		};
		E804481D1CCE4ECD00447204 /* AppKitDebug */ = {
			isa = XCBuildConfiguration;
			buildSettings = {
				INFOPLIST_FILE = HTTPParserTests/Info.plist;
				LD_RUNPATH_SEARCH_PATHS = "$(inherited) @executable_path/../Frameworks @loader_path/../Frameworks";
				PRODUCT_BUNDLE_IDENTIFIER = de.alwaysrightinstitute.HTTPParserTests;
				PRODUCT_NAME = "$(TARGET_NAME)";
			};
			name = AppKitDebug;
		};
		E804481E1CCE4ECD00447204 /* AppKitRelease */ = {
			isa = XCBuildConfiguration;
			buildSettings = {
				INFOPLIST_FILE = HTTPParserTests/Info.plist;
				LD_RUNPATH_SEARCH_PATHS = "$(inherited) @executable_path/../Frameworks @loader_path/../Frameworks";
				PRODUCT_BUNDLE_IDENTIFIER = de.alwaysrightinstitute.HTTPParserTests;
				PRODUCT_NAME = "$(TARGET_NAME)";
			};
			name = AppKitRelease;
		};
		E804483E1CCE4FC300447204 /* UIKitDebug */ = {
			isa = XCBuildConfiguration;
			baseConfigurationReference = E80448361CCE4F7800447204 /* UIKitDebug.xcconfig */;
			buildSettings = {
				CURRENT_PROJECT_VERSION = 1;
			};
			name = UIKitDebug;
		};
		E804483F1CCE4FC300447204 /* UIKitDebug */ = {
			isa = XCBuildConfiguration;
			baseConfigurationReference = E80448341CCE4F7800447204 /* SwiftModuleFW.xcconfig */;
			buildSettings = {
				DYLIB_COMPATIBILITY_VERSION = 1;
				DYLIB_CURRENT_VERSION = 1;
				FRAMEWORK_VERSION = A;
				INFOPLIST_FILE = HTTPParser/Info.plist;
				PRODUCT_BUNDLE_IDENTIFIER = de.alwaysrightinstitute.HTTPParser;
				PRODUCT_NAME = "$(TARGET_NAME)";
			};
			name = UIKitDebug;
		};
		E80448401CCE4FC300447204 /* UIKitDebug */ = {
			isa = XCBuildConfiguration;
			buildSettings = {
				INFOPLIST_FILE = HTTPParserTests/Info.plist;
				LD_RUNPATH_SEARCH_PATHS = "$(inherited) @executable_path/../Frameworks @loader_path/../Frameworks";
				PRODUCT_BUNDLE_IDENTIFIER = de.alwaysrightinstitute.HTTPParserTests;
				PRODUCT_NAME = "$(TARGET_NAME)";
			};
			name = UIKitDebug;
		};
		E80448411CCE4FD700447204 /* UIKitRelease */ = {
			isa = XCBuildConfiguration;
			baseConfigurationReference = E80448371CCE4F7800447204 /* UIKitRelease.xcconfig */;
			buildSettings = {
				CURRENT_PROJECT_VERSION = 1;
			};
			name = UIKitRelease;
		};
		E80448421CCE4FD700447204 /* UIKitRelease */ = {
			isa = XCBuildConfiguration;
			baseConfigurationReference = E80448341CCE4F7800447204 /* SwiftModuleFW.xcconfig */;
			buildSettings = {
				DYLIB_COMPATIBILITY_VERSION = 1;
				DYLIB_CURRENT_VERSION = 1;
				FRAMEWORK_VERSION = A;
				INFOPLIST_FILE = HTTPParser/Info.plist;
				PRODUCT_BUNDLE_IDENTIFIER = de.alwaysrightinstitute.HTTPParser;
				PRODUCT_NAME = "$(TARGET_NAME)";
			};
			name = UIKitRelease;
		};
		E80448431CCE4FD700447204 /* UIKitRelease */ = {
			isa = XCBuildConfiguration;
			buildSettings = {
				INFOPLIST_FILE = HTTPParserTests/Info.plist;
				LD_RUNPATH_SEARCH_PATHS = "$(inherited) @executable_path/../Frameworks @loader_path/../Frameworks";
				PRODUCT_BUNDLE_IDENTIFIER = de.alwaysrightinstitute.HTTPParserTests;
				PRODUCT_NAME = "$(TARGET_NAME)";
			};
			name = UIKitRelease;
		};
/* End XCBuildConfiguration section */

/* Begin XCConfigurationList section */
		E80447FF1CCE4ECD00447204 /* Build configuration list for PBXProject "HTTPParser" */ = {
			isa = XCConfigurationList;
			buildConfigurations = (
				E80448171CCE4ECD00447204 /* AppKitDebug */,
				E804483E1CCE4FC300447204 /* UIKitDebug */,
				E80448181CCE4ECD00447204 /* AppKitRelease */,
				E80448411CCE4FD700447204 /* UIKitRelease */,
			);
			defaultConfigurationIsVisible = 0;
			defaultConfigurationName = AppKitRelease;
		};
		E80448191CCE4ECD00447204 /* Build configuration list for PBXNativeTarget "HTTPParser" */ = {
			isa = XCConfigurationList;
			buildConfigurations = (
				E804481A1CCE4ECD00447204 /* AppKitDebug */,
				E804483F1CCE4FC300447204 /* UIKitDebug */,
				E804481B1CCE4ECD00447204 /* AppKitRelease */,
				E80448421CCE4FD700447204 /* UIKitRelease */,
			);
			defaultConfigurationIsVisible = 0;
			defaultConfigurationName = AppKitRelease;
		};
		E804481C1CCE4ECD00447204 /* Build configuration list for PBXNativeTarget "HTTPParserTests" */ = {
			isa = XCConfigurationList;
			buildConfigurations = (
				E804481D1CCE4ECD00447204 /* AppKitDebug */,
				E80448401CCE4FC300447204 /* UIKitDebug */,
				E804481E1CCE4ECD00447204 /* AppKitRelease */,
				E80448431CCE4FD700447204 /* UIKitRelease */,
			);
			defaultConfigurationIsVisible = 0;
			defaultConfigurationName = AppKitRelease;
		};
/* End XCConfigurationList section */
	};
	rootObject = E80447FC1CCE4ECD00447204 /* Project object */;
}
